Microsoft Visual Studio Solution File, Format Version 11.00
# Visual Studio 2008

Project("{08ADE319-C7BF-4BED-EFA1-4F1B0D6548A2}") = "Tutorial2D", "Assembly-CSharp-firstpass.csproj", "{D54EFF5E-C14E-C2DD-5FB0-ADD5E318D8DD}"
EndProject
Project("{08ADE319-C7BF-4BED-EFA1-4F1B0D6548A2}") = "Tutorial2D", "Assembly-CSharp.csproj", "{7C67309B-6F7A-6A17-382C-4AD79E9626EA}"
EndProject
Project("{08ADE319-C7BF-4BED-EFA1-4F1B0D6548A2}") = "Tutorial2D", "Assembly-CSharp-Editor.csproj", "{CEBBC9B3-05E7-EEF5-4EC3-B89BB83096AC}"
EndProject
Global
	GlobalSection(SolutionConfigurationPlatforms) = preSolution
		Debug|Any CPU = Debug|Any CPU
		Release|Any CPU = Release|Any CPU
	EndGlobalSection
	GlobalSection(ProjectConfigurationPlatforms) = postSolution
		{D54EFF5E-C14E-C2DD-5FB0-ADD5E318D8DD}.Debug|Any CPU.ActiveCfg = Debug|Any CPU
		{D54EFF5E-C14E-C2DD-5FB0-ADD5E318D8DD}.Debug|Any CPU.Build.0 = Debug|Any CPU
		{D54EFF5E-C14E-C2DD-5FB0-ADD5E318D8DD}.Release|Any CPU.ActiveCfg = Release|Any CPU
		{D54EFF5E-C14E-C2DD-5FB0-ADD5E318D8DD}.Release|Any CPU.Build.0 = Release|Any CPU
		{7C67309B-6F7A-6A17-382C-4AD79E9626EA}.Debug|Any CPU.ActiveCfg = Debug|Any CPU
		{7C67309B-6F7A-6A17-382C-4AD79E9626EA}.Debug|Any CPU.Build.0 = Debug|Any CPU
		{7C67309B-6F7A-6A17-382C-4AD79E9626EA}.Release|Any CPU.ActiveCfg = Release|Any CPU
		{7C67309B-6F7A-6A17-382C-4AD79E9626EA}.Release|Any CPU.Build.0 = Release|Any CPU
		{CEBBC9B3-05E7-EEF5-4EC3-B89BB83096AC}.Debug|Any CPU.ActiveCfg = Debug|Any CPU
		{CEBBC9B3-05E7-EEF5-4EC3-B89BB83096AC}.Debug|Any CPU.Build.0 = Debug|Any CPU
		{CEBBC9B3-05E7-EEF5-4EC3-B89BB83096AC}.Release|Any CPU.ActiveCfg = Release|Any CPU
		{CEBBC9B3-05E7-EEF5-4EC3-B89BB83096AC}.Release|Any CPU.Build.0 = Release|Any CPU
	EndGlobalSection
	GlobalSection(SolutionProperties) = preSolution
		HideSolutionNode = FALSE
	EndGlobalSection
	GlobalSection(MonoDevelopProperties) = preSolution
		StartupItem = Assembly-CSharp.csproj
	EndGlobalSection
EndGlobal
